{
  "name": "nftshirt",
  "lockfileVersion": 2,
  "requires": true,
  "packages": {
    "": {
      "dependencies": {
        "@fontsource/indie-flower": "^4.5.9",
        "@fontsource/permanent-marker": "^4.5.6"
      }
    },
    "node_modules/@fontsource/indie-flower": {
      "version": "4.5.9",
      "resolved": "https://registry.npmjs.org/@fontsource/indie-flower/-/indie-flower-4.5.9.tgz",
      "integrity": "sha512-uXCV/NjEI0ACiLKO8JI2gAegtcBAofqTDigudW/42SjO8DRJvXBakp5pT+Nj2xPaVVTaVT5qTlE2bcREn94eEA=="
    },
    "node_modules/@fontsource/permanent-marker": {
      "version": "4.5.6",
      "resolved": "https://registry.npmjs.org/@fontsource/permanent-marker/-/permanent-marker-4.5.6.tgz",
      "integrity": "sha512-px9Hd26euaN5FQzsTNDm3ucCoYO1tW0eQEQO8NZmpQT/+ZfLPnD0ShRc50gx5xsTF/7jcrj+nEMGuaXBqDSvnw=="
    }
  },
  "dependencies": {
    "@fontsource/indie-flower": {
      "version": "4.5.9",
      "resolved": "https://registry.npmjs.org/@fontsource/indie-flower/-/indie-flower-4.5.9.tgz",
      "integrity": "sha512-uXCV/NjEI0ACiLKO8JI2gAegtcBAofqTDigudW/42SjO8DRJvXBakp5pT+Nj2xPaVVTaVT5qTlE2bcREn94eEA=="
    },
    "@fontsource/permanent-marker": {
      "version": "4.5.6",
      "resolved": "https://registry.npmjs.org/@fontsource/permanent-marker/-/permanent-marker-4.5.6.tgz",
      "integrity": "sha512-px9Hd26euaN5FQzsTNDm3ucCoYO1tW0eQEQO8NZmpQT/+ZfLPnD0ShRc50gx5xsTF/7jcrj+nEMGuaXBqDSvnw=="
    }
  }
}
